
Microsoft Visual Studio Solution File, Format Version 11.00
# Visual C++ Express 2010
Project("{8BC9CEB8-8B4A-11D0-8D11-00A0C91BC942}") = "mytest02", "mytest02\mytest02.vcxproj", "{6BB077AD-9701-4CE8-84F1-40CA5AE135E7}"
EndProject
Global
	GlobalSection(SolutionConfigurationPlatforms) = preSolution
		Debug|Win32 = Debug|Win32
		Release|Win32 = Release|Win32
	EndGlobalSection
	GlobalSection(ProjectConfigurationPlatforms) = postSolution
		{6BB077AD-9701-4CE8-84F1-40CA5AE135E7}.Debug|Win32.ActiveCfg = Debug|Win32
		{6BB077AD-9701-4CE8-84F1-40CA5AE135E7}.Debug|Win32.Build.0 = Debug|Win32
		{6BB077AD-9701-4CE8-84F1-40CA5AE135E7}.Release|Win32.ActiveCfg = Release|Win32
		{6BB077AD-9701-4CE8-84F1-40CA5AE135E7}.Release|Win32.Build.0 = Release|Win32
	EndGlobalSection
	GlobalSection(SolutionProperties) = preSolution
		HideSolutionNode = FALSE
	EndGlobalSection
EndGlobal
